
Microsoft Visual Studio Solution File, Format Version 12.00
# Visual Studio Version 17
VisualStudioVersion = 17.11.35208.52
MinimumVisualStudioVersion = 10.0.40219.1
Project("{9A19103F-16F7-4668-BE54-9A1E7A4F7556}") = "Baubit.Aggregation", "Baubit.Aggregation\Baubit.Aggregation.csproj", "{4FE00AA6-7DE2-4E60-9DDB-B19D44C7093A}"
EndProject
Project("{9A19103F-16F7-4668-BE54-9A1E7A4F7556}") = "Baubit.Aggregation.Test", "Baubit.Aggregation.Test\Baubit.Aggregation.Test.csproj", "{564EF952-E9A9-490F-B4BF-372768AB0E27}"
EndProject
Global
	GlobalSection(SolutionConfigurationPlatforms) = preSolution
		Debug|Any CPU = Debug|Any CPU
		Release|Any CPU = Release|Any CPU
	EndGlobalSection
	GlobalSection(ProjectConfigurationPlatforms) = postSolution
		{4FE00AA6-7DE2-4E60-9DDB-B19D44C7093A}.Debug|Any CPU.ActiveCfg = Debug|Any CPU
		{4FE00AA6-7DE2-4E60-9DDB-B19D44C7093A}.Debug|Any CPU.Build.0 = Debug|Any CPU
		{4FE00AA6-7DE2-4E60-9DDB-B19D44C7093A}.Release|Any CPU.ActiveCfg = Release|Any CPU
		{4FE00AA6-7DE2-4E60-9DDB-B19D44C7093A}.Release|Any CPU.Build.0 = Release|Any CPU
		{564EF952-E9A9-490F-B4BF-372768AB0E27}.Debug|Any CPU.ActiveCfg = Debug|Any CPU
		{564EF952-E9A9-490F-B4BF-372768AB0E27}.Debug|Any CPU.Build.0 = Debug|Any CPU
		{564EF952-E9A9-490F-B4BF-372768AB0E27}.Release|Any CPU.ActiveCfg = Release|Any CPU
		{564EF952-E9A9-490F-B4BF-372768AB0E27}.Release|Any CPU.Build.0 = Release|Any CPU
	EndGlobalSection
	GlobalSection(SolutionProperties) = preSolution
		HideSolutionNode = FALSE
	EndGlobalSection
	GlobalSection(ExtensibilityGlobals) = postSolution
		SolutionGuid = {33CAED03-A93D-4DA9-B393-8C70FDCBC971}
	EndGlobalSection
EndGlobal
